
Microsoft Visual Studio Solution File, Format Version 12.00
# Visual Studio Version 16
VisualStudioVersion = 16.0.30204.135
MinimumVisualStudioVersion = 10.0.40219.1
Project("{FAE04EC0-301F-11D3-BF4B-00C04F79EFBC}") = "FizzBuzz", "FizzBuzz\FizzBuzz.csproj", "{93515BF9-874A-4B87-9324-F01EB4479B30}"
EndProject
Global
	GlobalSection(SolutionConfigurationPlatforms) = preSolution
		Debug|Any CPU = Debug|Any CPU
		Release|Any CPU = Release|Any CPU
	EndGlobalSection
	GlobalSection(ProjectConfigurationPlatforms) = postSolution
		{93515BF9-874A-4B87-9324-F01EB4479B30}.Debug|Any CPU.ActiveCfg = Debug|Any CPU
		{93515BF9-874A-4B87-9324-F01EB4479B30}.Debug|Any CPU.Build.0 = Debug|Any CPU
		{93515BF9-874A-4B87-9324-F01EB4479B30}.Release|Any CPU.ActiveCfg = Release|Any CPU
		{93515BF9-874A-4B87-9324-F01EB4479B30}.Release|Any CPU.Build.0 = Release|Any CPU
	EndGlobalSection
	GlobalSection(SolutionProperties) = preSolution
		HideSolutionNode = FALSE
	EndGlobalSection
	GlobalSection(ExtensibilityGlobals) = postSolution
		SolutionGuid = {2ADBC085-4596-435D-BD9D-7C9B6E5F3316}
	EndGlobalSection
EndGlobal
